{
  "name": "openam-agent-cache-couchdb",
  "version": "1.0.0",
  "lockfileVersion": 1,
  "requires": true,
  "dependencies": {
    "@forgerock/openam-agent-cache": {
      "version": "2.0.0",
      "resolved": "https://registry.npmjs.org/@forgerock/openam-agent-cache/-/openam-agent-cache-2.0.0.tgz",
      "integrity": "sha512-IZopRzouHoA37RO0wOLaonk3hsnXv7n1MkDYO2ZFjJaB+t0/TvPw9qlkOnjh39SwZeKbYgjejXUkGwl3DPjSLg==",
      "requires": {
        "bluebird": "3.5.0"
      }
    },
    "ansi-regex": {
      "version": "http://maven.forgerock.org/repo/api/npm/npm-virtual/ansi-regex/-/ansi-regex-2.0.0.tgz",
      "integrity": "sha1-xQYbbg74qBd15Q9dZhUb9r83EQc="
    },
    "ansi-styles": {
      "version": "https://registry.npmjs.org/ansi-styles/-/ansi-styles-2.2.1.tgz",
      "integrity": "sha1-tDLdM1i2NM914eRmQ2gkBTPB3b4="
    },
    "asn1": {
      "version": "http://maven.forgerock.org/repo/api/npm/npm-virtual/asn1/-/asn1-0.2.3.tgz",
      "integrity": "sha1-2sh4dxPJlmhJ/IGAd36+nB3fO4Y="
    },
    "assert-plus": {
      "version": "http://maven.forgerock.org/repo/api/npm/npm-virtual/assert-plus/-/assert-plus-0.2.0.tgz",
      "integrity": "sha1-104bh+ev/A24qttwIfP+SBAasjQ="
    },
    "asynckit": {
      "version": "https://registry.npmjs.org/asynckit/-/asynckit-0.4.0.tgz",
      "integrity": "sha1-x57Zf380y48robyXkLzDZkdLS3k="
    },
    "aws-sign2": {
      "version": "http://maven.forgerock.org/repo/api/npm/npm-virtual/aws-sign2/-/aws-sign2-0.6.0.tgz",
      "integrity": "sha1-FDQt0428yU0OW4fXY81jYSwOeU8="
    },
    "aws4": {
      "version": "https://registry.npmjs.org/aws4/-/aws4-1.5.0.tgz",
      "integrity": "sha1-Cin/t5wxyecS7rCH6OemS0pW11U="
    },
    "balanced-match": {
      "version": "1.0.0",
      "resolved": "https://registry.npmjs.org/balanced-match/-/balanced-match-1.0.0.tgz",
      "integrity": "sha1-ibTRmasr7kneFk6gK4nORi1xt2c=",
      "dev": true
    },
    "bcrypt-pbkdf": {
      "version": "https://registry.npmjs.org/bcrypt-pbkdf/-/bcrypt-pbkdf-1.0.0.tgz",
      "integrity": "sha1-PKdrhSQccXC/fZcD57mqdGMAQNQ=",
      "optional": true,
      "requires": {
        "tweetnacl": "https://registry.npmjs.org/tweetnacl/-/tweetnacl-0.14.3.tgz"
      }
    },
    "bl": {
      "version": "http://maven.forgerock.org/repo/api/npm/npm-virtual/bl/-/bl-1.1.2.tgz",
      "integrity": "sha1-/cqHGplxOqANGeO7ukHER4emU5g=",
      "requires": {
        "readable-stream": "https://registry.npmjs.org/readable-stream/-/readable-stream-2.0.6.tgz"
      }
    },
    "bluebird": {
      "version": "3.5.0",
      "resolved": "https://registry.npmjs.org/bluebird/-/bluebird-3.5.0.tgz",
      "integrity": "sha1-eRQg1/VR7qKJdFOop3ZT+WYG1nw="
    },
    "boom": {
      "version": "http://maven.forgerock.org/repo/api/npm/npm-virtual/boom/-/boom-2.10.1.tgz",
      "integrity": "sha1-OciRjO/1eZ+D+UkqhI9iWt0Mdm8=",
      "requires": {
        "hoek": "http://maven.forgerock.org/repo/api/npm/npm-virtual/hoek/-/hoek-2.16.3.tgz"
      }
    },
    "brace-expansion": {
      "version": "1.1.8",
      "resolved": "https://registry.npmjs.org/brace-expansion/-/brace-expansion-1.1.8.tgz",
      "integrity": "sha1-wHshHHyVLsH479Uad+8NHTmQopI=",
      "dev": true,
      "requires": {
        "balanced-match": "1.0.0",
        "concat-map": "0.0.1"
      }
    },
    "browser-request": {
      "version": "http://repo.forgerock.net:4873/browser-request/-/browser-request-0.3.3.tgz",
      "integrity": "sha1-ns5bWsqJopkyJC4Yv5M975h2zBc="
    },
    "browser-stdout": {
      "version": "1.3.0",
      "resolved": "https://registry.npmjs.org/browser-stdout/-/browser-stdout-1.3.0.tgz",
      "integrity": "sha1-81HTKWnTL6XXpVZxVCY9korjvR8=",
      "dev": true
    },
    "caseless": {
      "version": "http://maven.forgerock.org/repo/api/npm/npm-virtual/caseless/-/caseless-0.11.0.tgz",
      "integrity": "sha1-cVuW6phBWTzDMGeSP17GDr2k99c="
    },
    "chalk": {
      "version": "https://registry.npmjs.org/chalk/-/chalk-1.1.3.tgz",
      "integrity": "sha1-qBFcVeSnAv5NFQq9OHKCKn4J/Jg=",
      "requires": {
        "ansi-styles": "https://registry.npmjs.org/ansi-styles/-/ansi-styles-2.2.1.tgz",
        "escape-string-regexp": "https://registry.npmjs.org/escape-string-regexp/-/escape-string-regexp-1.0.5.tgz",
        "has-ansi": "http://maven.forgerock.org/repo/api/npm/npm-virtual/has-ansi/-/has-ansi-2.0.0.tgz",
        "strip-ansi": "https://registry.npmjs.org/strip-ansi/-/strip-ansi-3.0.1.tgz",
        "supports-color": "http://maven.forgerock.org/repo/api/npm/npm-virtual/supports-color/-/supports-color-2.0.0.tgz"
      },
      "dependencies": {
        "supports-color": {
          "version": "http://maven.forgerock.org/repo/api/npm/npm-virtual/supports-color/-/supports-color-2.0.0.tgz",
          "integrity": "sha1-U10EXOa2Nj+kARcIRimZXp3zJMc="
        }
      }
    },
    "combined-stream": {
      "version": "http://maven.forgerock.org/repo/api/npm/npm-virtual/combined-stream/-/combined-stream-1.0.5.tgz",
      "integrity": "sha1-k4NwpXtKUd6ix3wV1cX9+JUWQAk=",
      "requires": {
        "delayed-stream": "http://maven.forgerock.org/repo/api/npm/npm-virtual/delayed-stream/-/delayed-stream-1.0.0.tgz"
      }
    },
    "commander": {
      "version": "http://maven.forgerock.org/repo/api/npm/npm-virtual/commander/-/commander-2.9.0.tgz",
      "integrity": "sha1-nJkJQXbhIkDLItbFFGCYQA/g99Q=",
      "requires": {
        "graceful-readlink": "http://maven.forgerock.org/repo/api/npm/npm-virtual/graceful-readlink/-/graceful-readlink-1.0.1.tgz"
      }
    },
    "concat-map": {
      "version": "0.0.1",
      "resolved": "https://registry.npmjs.org/concat-map/-/concat-map-0.0.1.tgz",
      "integrity": "sha1-2Klr13/Wjfd5OnMDajug1UBdR3s=",
      "dev": true
    },
    "core-util-is": {
      "version": "http://maven.forgerock.org/repo/api/npm/npm-virtual/core-util-is/-/core-util-is-1.0.2.tgz",
      "integrity": "sha1-tf1UIgqivFq1eqtxQMlAdUUDwac="
    },
    "cradle": {
      "version": "https://registry.npmjs.org/cradle/-/cradle-0.7.1.tgz",
      "integrity": "sha1-TAs1Sq37fUriqPXNu/1jo0UGEEQ=",
      "requires": {
        "follow": "http://repo.forgerock.net:4873/follow/-/follow-0.11.4.tgz",
        "request": "https://registry.npmjs.org/request/-/request-2.75.0.tgz",
        "vargs": "http://repo.forgerock.net:4873/vargs/-/vargs-0.1.0.tgz"
      }
    },
    "cryptiles": {
      "version": "http://maven.forgerock.org/repo/api/npm/npm-virtual/cryptiles/-/cryptiles-2.0.5.tgz",
      "integrity": "sha1-O9/s3GCBR8HGcgL6KR59ylnqo7g=",
      "requires": {
        "boom": "http://maven.forgerock.org/repo/api/npm/npm-virtual/boom/-/boom-2.10.1.tgz"
      }
    },
    "dashdash": {
      "version": "http://maven.forgerock.org/repo/api/npm/npm-virtual/dashdash/-/dashdash-1.14.0.tgz",
      "integrity": "sha1-KeSGxUGL8PNWA0qZPVFoajPoQUE=",
      "requires": {
        "assert-plus": "http://maven.forgerock.org/repo/api/npm/npm-virtual/assert-plus/-/assert-plus-1.0.0.tgz"
      },
      "dependencies": {
        "assert-plus": {
          "version": "http://maven.forgerock.org/repo/api/npm/npm-virtual/assert-plus/-/assert-plus-1.0.0.tgz",
          "integrity": "sha1-8S4PPF13sLHN2RRpQuTpbB5N1SU="
        }
      }
    },
    "debug": {
      "version": "2.6.0",
      "resolved": "https://registry.npmjs.org/debug/-/debug-2.6.0.tgz",
      "integrity": "sha1-vFlryr52F/Edn6FTYe3tVgi4SZs=",
      "dev": true,
      "requires": {
        "ms": "0.7.2"
      }
    },
    "delayed-stream": {
      "version": "http://maven.forgerock.org/repo/api/npm/npm-virtual/delayed-stream/-/delayed-stream-1.0.0.tgz",
      "integrity": "sha1-3zrhmayt+31ECqrgsp4icrJOxhk="
    },
    "diff": {
      "version": "3.2.0",
      "resolved": "https://registry.npmjs.org/diff/-/diff-3.2.0.tgz",
      "integrity": "sha1-yc45Okt8vQsFinJck98pkCeGj/k=",
      "dev": true
    },
    "ecc-jsbn": {
      "version": "http://maven.forgerock.org/repo/api/npm/npm-virtual/ecc-jsbn/-/ecc-jsbn-0.1.1.tgz",
      "integrity": "sha1-D8c6ntXw1Tw4GTOYUj735UN3dQU=",
      "optional": true,
      "requires": {
        "jsbn": "http://maven.forgerock.org/repo/api/npm/npm-virtual/jsbn/-/jsbn-0.1.0.tgz"
      }
    },
    "escape-string-regexp": {
      "version": "https://registry.npmjs.org/escape-string-regexp/-/escape-string-regexp-1.0.5.tgz",
      "integrity": "sha1-G2HAViGQqN/2rjuyzwIAyhMLhtQ="
    },
    "extend": {
      "version": "http://maven.forgerock.org/repo/api/npm/npm-virtual/extend/-/extend-3.0.0.tgz",
      "integrity": "sha1-WkdDU7nzNT3dgXbf03uRyDpG8dQ="
    },
    "extsprintf": {
      "version": "http://maven.forgerock.org/repo/api/npm/npm-virtual/extsprintf/-/extsprintf-1.0.2.tgz",
      "integrity": "sha1-4QgOBljjALBilJkMxw4VAiNf1VA="
    },
    "follow": {
      "version": "http://repo.forgerock.net:4873/follow/-/follow-0.11.4.tgz",
      "integrity": "sha1-h+mlDUQ/kh0FcE66xBKhSrnZIy8=",
      "requires": {
        "browser-request": "http://repo.forgerock.net:4873/browser-request/-/browser-request-0.3.3.tgz",
        "debug": "https://registry.npmjs.org/debug/-/debug-0.7.4.tgz",
        "request": "https://registry.npmjs.org/request/-/request-2.75.0.tgz"
      },
      "dependencies": {
        "debug": {
          "version": "https://registry.npmjs.org/debug/-/debug-0.7.4.tgz",
          "integrity": "sha1-BuHqgILCyxTjmAbiLi9vdX+Srzk="
        }
      }
    },
    "forever-agent": {
      "version": "http://maven.forgerock.org/repo/api/npm/npm-virtual/forever-agent/-/forever-agent-0.6.1.tgz",
      "integrity": "sha1-+8cfDEGt6zf5bFd60e1C2P2sypE="
    },
    "form-data": {
      "version": "https://registry.npmjs.org/form-data/-/form-data-2.0.0.tgz",
      "integrity": "sha1-bwrrrcxdoWwT4ezBETfYX5uIOyU=",
      "requires": {
        "asynckit": "https://registry.npmjs.org/asynckit/-/asynckit-0.4.0.tgz",
        "combined-stream": "http://maven.forgerock.org/repo/api/npm/npm-virtual/combined-stream/-/combined-stream-1.0.5.tgz",
        "mime-types": "https://registry.npmjs.org/mime-types/-/mime-types-2.1.12.tgz"
      }
    },
    "fs.realpath": {
      "version": "1.0.0",
      "resolved": "https://registry.npmjs.org/fs.realpath/-/fs.realpath-1.0.0.tgz",
      "integrity": "sha1-FQStJSMVjKpA20onh8sBQRmU6k8=",
      "dev": true
    },
    "generate-function": {
      "version": "http://maven.forgerock.org/repo/api/npm/npm-virtual/generate-function/-/generate-function-2.0.0.tgz",
      "integrity": "sha1-aFj+fAlpt9TpCTM3ZHrHn2DfvnQ="
    },
    "generate-object-property": {
      "version": "http://maven.forgerock.org/repo/api/npm/npm-virtual/generate-object-property/-/generate-object-property-1.2.0.tgz",
      "integrity": "sha1-nA4cQDCM6AT0eDYYuTf6iPmdUNA=",
      "requires": {
        "is-property": "http://maven.forgerock.org/repo/api/npm/npm-virtual/is-property/-/is-property-1.0.2.tgz"
      }
    },
    "getpass": {
      "version": "http://maven.forgerock.org/repo/api/npm/npm-virtual/getpass/-/getpass-0.1.6.tgz",
      "integrity": "sha1-KD/9n8ElaECHUxHBtg6MQBhxEOY=",
      "requires": {
        "assert-plus": "http://maven.forgerock.org/repo/api/npm/npm-virtual/assert-plus/-/assert-plus-1.0.0.tgz"
      },
      "dependencies": {
        "assert-plus": {
          "version": "http://maven.forgerock.org/repo/api/npm/npm-virtual/assert-plus/-/assert-plus-1.0.0.tgz",
          "integrity": "sha1-8S4PPF13sLHN2RRpQuTpbB5N1SU="
        }
      }
    },
    "glob": {
      "version": "7.1.1",
      "resolved": "https://registry.npmjs.org/glob/-/glob-7.1.1.tgz",
      "integrity": "sha1-gFIR3wT6rxxjo2ADBs31reULLsg=",
      "dev": true,
      "requires": {
        "fs.realpath": "1.0.0",
        "inflight": "1.0.6",
        "inherits": "http://repo.forgerock.net:4873/inherits/-/inherits-2.0.1.tgz",
        "minimatch": "3.0.4",
        "once": "1.4.0",
        "path-is-absolute": "1.0.1"
      }
    },
    "graceful-readlink": {
      "version": "http://maven.forgerock.org/repo/api/npm/npm-virtual/graceful-readlink/-/graceful-readlink-1.0.1.tgz",
      "integrity": "sha1-TK+tdrxi8C+gObL5Tpo906ORpyU="
    },
    "growl": {
      "version": "1.9.2",
      "resolved": "https://registry.npmjs.org/growl/-/growl-1.9.2.tgz",
      "integrity": "sha1-Dqd0NxXbjY3ixe3hd14bRayFwC8=",
      "dev": true
    },
    "har-validator": {
      "version": "http://maven.forgerock.org/repo/api/npm/npm-virtual/har-validator/-/har-validator-2.0.6.tgz",
      "integrity": "sha1-zcvAgYgmWtEZtqWnyKtw7s+10n0=",
      "requires": {
        "chalk": "https://registry.npmjs.org/chalk/-/chalk-1.1.3.tgz",
        "commander": "http://maven.forgerock.org/repo/api/npm/npm-virtual/commander/-/commander-2.9.0.tgz",
        "is-my-json-valid": "https://registry.npmjs.org/is-my-json-valid/-/is-my-json-valid-2.15.0.tgz",
        "pinkie-promise": "http://maven.forgerock.org/repo/api/npm/npm-virtual/pinkie-promise/-/pinkie-promise-2.0.1.tgz"
      }
    },
    "has-ansi": {
      "version": "http://maven.forgerock.org/repo/api/npm/npm-virtual/has-ansi/-/has-ansi-2.0.0.tgz",
      "integrity": "sha1-NPUEnOHs3ysGSa8+8k5F7TVBbZE=",
      "requires": {
        "ansi-regex": "http://maven.forgerock.org/repo/api/npm/npm-virtual/ansi-regex/-/ansi-regex-2.0.0.tgz"
      }
    },
    "has-flag": {
      "version": "1.0.0",
      "resolved": "https://registry.npmjs.org/has-flag/-/has-flag-1.0.0.tgz",
      "integrity": "sha1-nZ55MWXOAXoA8AQYxD+UKnsdEfo=",
      "dev": true
    },
    "hawk": {
      "version": "http://maven.forgerock.org/repo/api/npm/npm-virtual/hawk/-/hawk-3.1.3.tgz",
      "integrity": "sha1-B4REvXwWQLD+VA0sm3PVlnjo4cQ=",
      "requires": {
        "boom": "http://maven.forgerock.org/repo/api/npm/npm-virtual/boom/-/boom-2.10.1.tgz",
        "cryptiles": "http://maven.forgerock.org/repo/api/npm/npm-virtual/cryptiles/-/cryptiles-2.0.5.tgz",
        "hoek": "http://maven.forgerock.org/repo/api/npm/npm-virtual/hoek/-/hoek-2.16.3.tgz",
        "sntp": "http://maven.forgerock.org/repo/api/npm/npm-virtual/sntp/-/sntp-1.0.9.tgz"
      }
    },
    "hoek": {
      "version": "http://maven.forgerock.org/repo/api/npm/npm-virtual/hoek/-/hoek-2.16.3.tgz",
      "integrity": "sha1-ILt0A9POo5jpHcRxCo/xuCdKJe0="
    },
    "http-signature": {
      "version": "http://maven.forgerock.org/repo/api/npm/npm-virtual/http-signature/-/http-signature-1.1.1.tgz",
      "integrity": "sha1-33LiZwZs0Kxn+3at+OE0qPvPkb8=",
      "requires": {
        "assert-plus": "http://maven.forgerock.org/repo/api/npm/npm-virtual/assert-plus/-/assert-plus-0.2.0.tgz",
        "jsprim": "https://registry.npmjs.org/jsprim/-/jsprim-1.3.1.tgz",
        "sshpk": "https://registry.npmjs.org/sshpk/-/sshpk-1.10.1.tgz"
      }
    },
    "inflight": {
      "version": "1.0.6",
      "resolved": "https://registry.npmjs.org/inflight/-/inflight-1.0.6.tgz",
      "integrity": "sha1-Sb1jMdfQLQwJvJEKEHW6gWW1bfk=",
      "dev": true,
      "requires": {
        "once": "1.4.0",
        "wrappy": "1.0.2"
      }
    },
    "inherits": {
      "version": "http://repo.forgerock.net:4873/inherits/-/inherits-2.0.1.tgz",
      "integrity": "sha1-sX0I0ya0Qj5Wjv9xn5GwscvfafE="
    },
    "is-my-json-valid": {
      "version": "https://registry.npmjs.org/is-my-json-valid/-/is-my-json-valid-2.15.0.tgz",
      "integrity": "sha1-k27do8o8IR/ZjzstPgjaQ/eykVs=",
      "requires": {
        "generate-function": "http://maven.forgerock.org/repo/api/npm/npm-virtual/generate-function/-/generate-function-2.0.0.tgz",
        "generate-object-property": "http://maven.forgerock.org/repo/api/npm/npm-virtual/generate-object-property/-/generate-object-property-1.2.0.tgz",
        "jsonpointer": "https://registry.npmjs.org/jsonpointer/-/jsonpointer-4.0.0.tgz",
        "xtend": "http://maven.forgerock.org/repo/api/npm/npm-virtual/xtend/-/xtend-4.0.1.tgz"
      }
    },
    "is-property": {
      "version": "http://maven.forgerock.org/repo/api/npm/npm-virtual/is-property/-/is-property-1.0.2.tgz",
      "integrity": "sha1-V/4cTkhHTt1lsJkR8msc1Ald2oQ="
    },
    "is-typedarray": {
      "version": "http://maven.forgerock.org/repo/api/npm/npm-virtual/is-typedarray/-/is-typedarray-1.0.0.tgz",
      "integrity": "sha1-5HnICFjfDBsR3dppQPlgEfzaSpo="
    },
    "isarray": {
      "version": "https://registry.npmjs.org/isarray/-/isarray-1.0.0.tgz",
      "integrity": "sha1-u5NdSFgsuhaMBoNJV6VKPgcSTxE="
    },
    "isstream": {
      "version": "http://maven.forgerock.org/repo/api/npm/npm-virtual/isstream/-/isstream-0.1.2.tgz",
      "integrity": "sha1-R+Y/evVa+m+S4VAOaQ64uFKcCZo="
    },
    "jodid25519": {
      "version": "http://maven.forgerock.org/repo/api/npm/npm-virtual/jodid25519/-/jodid25519-1.0.2.tgz",
      "integrity": "sha1-BtSRIlUJNBlHfUJWM2BuDpB4KWc=",
      "optional": true,
      "requires": {
        "jsbn": "http://maven.forgerock.org/repo/api/npm/npm-virtual/jsbn/-/jsbn-0.1.0.tgz"
      }
    },
    "jsbn": {
      "version": "http://maven.forgerock.org/repo/api/npm/npm-virtual/jsbn/-/jsbn-0.1.0.tgz",
      "integrity": "sha1-ZQmH2g3XT06/WhE3eiqi0nPpff0=",
      "optional": true
    },
    "json-schema": {
      "version": "https://registry.npmjs.org/json-schema/-/json-schema-0.2.3.tgz",
      "integrity": "sha1-tIDIkuWaLwWVTOcnvT8qTogvnhM="
    },
    "json-stringify-safe": {
      "version": "http://maven.forgerock.org/repo/api/npm/npm-virtual/json-stringify-safe/-/json-stringify-safe-5.0.1.tgz",
      "integrity": "sha1-Epai1Y/UXxmg9s4B1lcB4sc1tus="
    },
    "json3": {
      "version": "3.3.2",
      "resolved": "https://registry.npmjs.org/json3/-/json3-3.3.2.tgz",
      "integrity": "sha1-PAQ0dD35Pi9cQq7nsZvLSDV19OE=",
      "dev": true
    },
    "jsonpointer": {
      "version": "https://registry.npmjs.org/jsonpointer/-/jsonpointer-4.0.0.tgz",
      "integrity": "sha1-ZmHhYdL8RF8Z+YQwIxNDci4fy9U="
    },
    "jsprim": {
      "version": "https://registry.npmjs.org/jsprim/-/jsprim-1.3.1.tgz",
      "integrity": "sha1-KnJW9wQSop7jZwqspiWZTE3P8lI=",
      "requires": {
        "extsprintf": "http://maven.forgerock.org/repo/api/npm/npm-virtual/extsprintf/-/extsprintf-1.0.2.tgz",
        "json-schema": "https://registry.npmjs.org/json-schema/-/json-schema-0.2.3.tgz",
        "verror": "http://maven.forgerock.org/repo/api/npm/npm-virtual/verror/-/verror-1.3.6.tgz"
      }
    },
    "lodash._baseassign": {
      "version": "3.2.0",
      "resolved": "https://registry.npmjs.org/lodash._baseassign/-/lodash._baseassign-3.2.0.tgz",
      "integrity": "sha1-jDigmVAPIVrQnlnxci/QxSv+Ck4=",
      "dev": true,
      "requires": {
        "lodash._basecopy": "3.0.1",
        "lodash.keys": "3.1.2"
      }
    },
    "lodash._basecopy": {
      "version": "3.0.1",
      "resolved": "https://registry.npmjs.org/lodash._basecopy/-/lodash._basecopy-3.0.1.tgz",
      "integrity": "sha1-jaDmqHbPNEwK2KVIghEd08XHyjY=",
      "dev": true
    },
    "lodash._basecreate": {
      "version": "3.0.3",
      "resolved": "https://registry.npmjs.org/lodash._basecreate/-/lodash._basecreate-3.0.3.tgz",
      "integrity": "sha1-G8ZhYU2qf8MRt9A78WgGoCE8+CE=",
      "dev": true
    },
    "lodash._getnative": {
      "version": "3.9.1",
      "resolved": "https://registry.npmjs.org/lodash._getnative/-/lodash._getnative-3.9.1.tgz",
      "integrity": "sha1-VwvH3t5G1hzc3mh9ZdPuy6o6r/U=",
      "dev": true
    },
    "lodash._isiterateecall": {
      "version": "3.0.9",
      "resolved": "https://registry.npmjs.org/lodash._isiterateecall/-/lodash._isiterateecall-3.0.9.tgz",
      "integrity": "sha1-UgOte6Ql+uhCRg5pbbnPPmqsBXw=",
      "dev": true
    },
    "lodash.create": {
      "version": "3.1.1",
      "resolved": "https://registry.npmjs.org/lodash.create/-/lodash.create-3.1.1.tgz",
      "integrity": "sha1-1/KEnw29p+BGgruM1yqwIkYd6+c=",
      "dev": true,
      "requires": {
        "lodash._baseassign": "3.2.0",
        "lodash._basecreate": "3.0.3",
        "lodash._isiterateecall": "3.0.9"
      }
    },
    "lodash.isarguments": {
      "version": "3.1.0",
      "resolved": "https://registry.npmjs.org/lodash.isarguments/-/lodash.isarguments-3.1.0.tgz",
      "integrity": "sha1-L1c9hcaiQon/AGY7SRwdM4/zRYo=",
      "dev": true
    },
    "lodash.isarray": {
      "version": "3.0.4",
      "resolved": "https://registry.npmjs.org/lodash.isarray/-/lodash.isarray-3.0.4.tgz",
      "integrity": "sha1-eeTriMNqgSKvhvhEqpvNhRtfu1U=",
      "dev": true
    },
    "lodash.keys": {
      "version": "3.1.2",
      "resolved": "https://registry.npmjs.org/lodash.keys/-/lodash.keys-3.1.2.tgz",
      "integrity": "sha1-TbwEcrFWvlCgsoaFXRvQsMZWCYo=",
      "dev": true,
      "requires": {
        "lodash._getnative": "3.9.1",
        "lodash.isarguments": "3.1.0",
        "lodash.isarray": "3.0.4"
      }
    },
    "mime-db": {
      "version": "https://registry.npmjs.org/mime-db/-/mime-db-1.24.0.tgz",
      "integrity": "sha1-4tE/k58AFsbk6a0lqGUvEmxGfww="
    },
    "mime-types": {
      "version": "https://registry.npmjs.org/mime-types/-/mime-types-2.1.12.tgz",
      "integrity": "sha1-FSuiVndwIN1GY/VMLnvCY4HnFyk=",
      "requires": {
        "mime-db": "https://registry.npmjs.org/mime-db/-/mime-db-1.24.0.tgz"
      }
    },
    "minimatch": {
      "version": "3.0.4",
      "resolved": "https://registry.npmjs.org/minimatch/-/minimatch-3.0.4.tgz",
      "integrity": "sha512-yJHVQEhyqPLUTgt9B83PXu6W3rx4MvvHvSUvToogpwoGDOUQ+yDrR0HRot+yOCdCO7u4hX3pWft6kWBBcqh0UA==",
      "dev": true,
      "requires": {
        "brace-expansion": "1.1.8"
      }
    },
    "minimist": {
      "version": "0.0.8",
      "resolved": "https://registry.npmjs.org/minimist/-/minimist-0.0.8.tgz",
      "integrity": "sha1-hX/Kv8M5fSYluCKCYuhqp6ARsF0=",
      "dev": true
    },
    "mkdirp": {
      "version": "0.5.1",
      "resolved": "https://registry.npmjs.org/mkdirp/-/mkdirp-0.5.1.tgz",
      "integrity": "sha1-MAV0OOrGz3+MR2fzhkjWaX11yQM=",
      "dev": true,
      "requires": {
        "minimist": "0.0.8"
      }
    },
    "mocha": {
      "version": "3.4.2",
      "resolved": "https://registry.npmjs.org/mocha/-/mocha-3.4.2.tgz",
      "integrity": "sha1-0O9NMyEm2/GNDWQMmzgt1IvpdZQ=",
      "dev": true,
      "requires": {
        "browser-stdout": "1.3.0",
        "commander": "http://maven.forgerock.org/repo/api/npm/npm-virtual/commander/-/commander-2.9.0.tgz",
        "debug": "2.6.0",
        "diff": "3.2.0",
        "escape-string-regexp": "https://registry.npmjs.org/escape-string-regexp/-/escape-string-regexp-1.0.5.tgz",
        "glob": "7.1.1",
        "growl": "1.9.2",
        "json3": "3.3.2",
        "lodash.create": "3.1.1",
        "mkdirp": "0.5.1",
        "supports-color": "3.1.2"
      }
    },
    "ms": {
      "version": "0.7.2",
      "resolved": "https://registry.npmjs.org/ms/-/ms-0.7.2.tgz",
      "integrity": "sha1-riXPJRKziFodldfwN4aNhDESR2U=",
      "dev": true
    },
    "node-uuid": {
      "version": "http://maven.forgerock.org/repo/api/npm/npm-virtual/node-uuid/-/node-uuid-1.4.7.tgz",
      "integrity": "sha1-baWhdmjEs91ZYjvaEc9/pMH2Cm8="
    },
    "oauth-sign": {
      "version": "http://maven.forgerock.org/repo/api/npm/npm-virtual/oauth-sign/-/oauth-sign-0.8.2.tgz",
      "integrity": "sha1-Rqarfwrq2N6unsBWV4C31O/rnUM="
    },
    "once": {
      "version": "1.4.0",
      "resolved": "https://registry.npmjs.org/once/-/once-1.4.0.tgz",
      "integrity": "sha1-WDsap3WWHUsROsF9nFC6753Xa9E=",
      "dev": true,
      "requires": {
        "wrappy": "1.0.2"
      }
    },
    "path-is-absolute": {
      "version": "1.0.1",
      "resolved": "https://registry.npmjs.org/path-is-absolute/-/path-is-absolute-1.0.1.tgz",
      "integrity": "sha1-F0uSaHNVNP+8es5r9TpanhtcX18=",
      "dev": true
    },
    "pinkie": {
      "version": "http://maven.forgerock.org/repo/api/npm/npm-virtual/pinkie/-/pinkie-2.0.4.tgz",
      "integrity": "sha1-clVrgM+g1IqXToDnckjoDtT3+HA="
    },
    "pinkie-promise": {
      "version": "http://maven.forgerock.org/repo/api/npm/npm-virtual/pinkie-promise/-/pinkie-promise-2.0.1.tgz",
      "integrity": "sha1-ITXW36ejWMBprJsXh3YogihFD/o=",
      "requires": {
        "pinkie": "http://maven.forgerock.org/repo/api/npm/npm-virtual/pinkie/-/pinkie-2.0.4.tgz"
      }
    },
    "process-nextick-args": {
      "version": "http://maven.forgerock.org/repo/api/npm/npm-virtual/process-nextick-args/-/process-nextick-args-1.0.7.tgz",
      "integrity": "sha1-FQ4gt1ZZCtP5EJPyWk8q2L/zC6M="
    },
    "qs": {
      "version": "http://repo.forgerock.net:4873/qs/-/qs-6.2.1.tgz",
      "integrity": "sha1-zgPF/wk1vB2daanxTL0Y5WjWdiU="
    },
    "readable-stream": {
      "version": "https://registry.npmjs.org/readable-stream/-/readable-stream-2.0.6.tgz",
      "integrity": "sha1-j5A0HmilPMySh4jaz80Rs265t44=",
      "requires": {
        "core-util-is": "http://maven.forgerock.org/repo/api/npm/npm-virtual/core-util-is/-/core-util-is-1.0.2.tgz",
        "inherits": "http://repo.forgerock.net:4873/inherits/-/inherits-2.0.1.tgz",
        "isarray": "https://registry.npmjs.org/isarray/-/isarray-1.0.0.tgz",
        "process-nextick-args": "http://maven.forgerock.org/repo/api/npm/npm-virtual/process-nextick-args/-/process-nextick-args-1.0.7.tgz",
        "string_decoder": "http://maven.forgerock.org/repo/api/npm/npm-virtual/string_decoder/-/string_decoder-0.10.31.tgz",
        "util-deprecate": "http://maven.forgerock.org/repo/api/npm/npm-virtual/util-deprecate/-/util-deprecate-1.0.2.tgz"
      }
    },
    "request": {
      "version": "https://registry.npmjs.org/request/-/request-2.75.0.tgz",
      "integrity": "sha1-0rgmiihtoT6qXQGt9dGMyQ9lfZM=",
      "requires": {
        "aws-sign2": "http://maven.forgerock.org/repo/api/npm/npm-virtual/aws-sign2/-/aws-sign2-0.6.0.tgz",
        "aws4": "https://registry.npmjs.org/aws4/-/aws4-1.5.0.tgz",
        "bl": "http://maven.forgerock.org/repo/api/npm/npm-virtual/bl/-/bl-1.1.2.tgz",
        "caseless": "http://maven.forgerock.org/repo/api/npm/npm-virtual/caseless/-/caseless-0.11.0.tgz",
        "combined-stream": "http://maven.forgerock.org/repo/api/npm/npm-virtual/combined-stream/-/combined-stream-1.0.5.tgz",
        "extend": "http://maven.forgerock.org/repo/api/npm/npm-virtual/extend/-/extend-3.0.0.tgz",
        "forever-agent": "http://maven.forgerock.org/repo/api/npm/npm-virtual/forever-agent/-/forever-agent-0.6.1.tgz",
        "form-data": "https://registry.npmjs.org/form-data/-/form-data-2.0.0.tgz",
        "har-validator": "http://maven.forgerock.org/repo/api/npm/npm-virtual/har-validator/-/har-validator-2.0.6.tgz",
        "hawk": "http://maven.forgerock.org/repo/api/npm/npm-virtual/hawk/-/hawk-3.1.3.tgz",
        "http-signature": "http://maven.forgerock.org/repo/api/npm/npm-virtual/http-signature/-/http-signature-1.1.1.tgz",
        "is-typedarray": "http://maven.forgerock.org/repo/api/npm/npm-virtual/is-typedarray/-/is-typedarray-1.0.0.tgz",
        "isstream": "http://maven.forgerock.org/repo/api/npm/npm-virtual/isstream/-/isstream-0.1.2.tgz",
        "json-stringify-safe": "http://maven.forgerock.org/repo/api/npm/npm-virtual/json-stringify-safe/-/json-stringify-safe-5.0.1.tgz",
        "mime-types": "https://registry.npmjs.org/mime-types/-/mime-types-2.1.12.tgz",
        "node-uuid": "http://maven.forgerock.org/repo/api/npm/npm-virtual/node-uuid/-/node-uuid-1.4.7.tgz",
        "oauth-sign": "http://maven.forgerock.org/repo/api/npm/npm-virtual/oauth-sign/-/oauth-sign-0.8.2.tgz",
        "qs": "http://repo.forgerock.net:4873/qs/-/qs-6.2.1.tgz",
        "stringstream": "http://maven.forgerock.org/repo/api/npm/npm-virtual/stringstream/-/stringstream-0.0.5.tgz",
        "tough-cookie": "http://repo.forgerock.net:4873/tough-cookie/-/tough-cookie-2.3.1.tgz",
        "tunnel-agent": "http://maven.forgerock.org/repo/api/npm/npm-virtual/tunnel-agent/-/tunnel-agent-0.4.3.tgz"
      }
    },
    "sntp": {
      "version": "http://maven.forgerock.org/repo/api/npm/npm-virtual/sntp/-/sntp-1.0.9.tgz",
      "integrity": "sha1-ZUEYTMkK7qbG57NeJlkIJEPGYZg=",
      "requires": {
        "hoek": "http://maven.forgerock.org/repo/api/npm/npm-virtual/hoek/-/hoek-2.16.3.tgz"
      }
    },
    "sshpk": {
      "version": "https://registry.npmjs.org/sshpk/-/sshpk-1.10.1.tgz",
      "integrity": "sha1-MOGl0ykkSXShr2FREznVla9mOLA=",
      "requires": {
        "asn1": "http://maven.forgerock.org/repo/api/npm/npm-virtual/asn1/-/asn1-0.2.3.tgz",
        "assert-plus": "http://maven.forgerock.org/repo/api/npm/npm-virtual/assert-plus/-/assert-plus-1.0.0.tgz",
        "bcrypt-pbkdf": "https://registry.npmjs.org/bcrypt-pbkdf/-/bcrypt-pbkdf-1.0.0.tgz",
        "dashdash": "http://maven.forgerock.org/repo/api/npm/npm-virtual/dashdash/-/dashdash-1.14.0.tgz",
        "ecc-jsbn": "http://maven.forgerock.org/repo/api/npm/npm-virtual/ecc-jsbn/-/ecc-jsbn-0.1.1.tgz",
        "getpass": "http://maven.forgerock.org/repo/api/npm/npm-virtual/getpass/-/getpass-0.1.6.tgz",
        "jodid25519": "http://maven.forgerock.org/repo/api/npm/npm-virtual/jodid25519/-/jodid25519-1.0.2.tgz",
        "jsbn": "http://maven.forgerock.org/repo/api/npm/npm-virtual/jsbn/-/jsbn-0.1.0.tgz",
        "tweetnacl": "https://registry.npmjs.org/tweetnacl/-/tweetnacl-0.14.3.tgz"
      },
      "dependencies": {
        "assert-plus": {
          "version": "http://maven.forgerock.org/repo/api/npm/npm-virtual/assert-plus/-/assert-plus-1.0.0.tgz",
          "integrity": "sha1-8S4PPF13sLHN2RRpQuTpbB5N1SU="
        }
      }
    },
    "string_decoder": {
      "version": "http://maven.forgerock.org/repo/api/npm/npm-virtual/string_decoder/-/string_decoder-0.10.31.tgz",
      "integrity": "sha1-YuIDvEF2bGwoyfyEMB2rHFMQ+pQ="
    },
    "stringstream": {
      "version": "http://maven.forgerock.org/repo/api/npm/npm-virtual/stringstream/-/stringstream-0.0.5.tgz",
      "integrity": "sha1-TkhM1N5aC7vuGORjB3EKioFiGHg="
    },
    "strip-ansi": {
      "version": "https://registry.npmjs.org/strip-ansi/-/strip-ansi-3.0.1.tgz",
      "integrity": "sha1-ajhfuIU9lS1f8F0Oiq+UJ43GPc8=",
      "requires": {
        "ansi-regex": "http://maven.forgerock.org/repo/api/npm/npm-virtual/ansi-regex/-/ansi-regex-2.0.0.tgz"
      }
    },
    "supports-color": {
      "version": "3.1.2",
      "resolved": "https://registry.npmjs.org/supports-color/-/supports-color-3.1.2.tgz",
      "integrity": "sha1-cqJiiU2dQIuVbKBf83su2KbiotU=",
      "dev": true,
      "requires": {
        "has-flag": "1.0.0"
      }
    },
    "tough-cookie": {
      "version": "http://repo.forgerock.net:4873/tough-cookie/-/tough-cookie-2.3.1.tgz",
      "integrity": "sha1-mcd9+7fYBCSeiimdTLD9gf7wg/0="
    },
    "tunnel-agent": {
      "version": "http://maven.forgerock.org/repo/api/npm/npm-virtual/tunnel-agent/-/tunnel-agent-0.4.3.tgz",
      "integrity": "sha1-Y3PbdpCf5XDgjXNYM2Xtgop07us="
    },
    "tweetnacl": {
      "version": "https://registry.npmjs.org/tweetnacl/-/tweetnacl-0.14.3.tgz",
      "integrity": "sha1-PaOC9nDyXe1417PReSEZvKC3Ey0=",
      "optional": true
    },
    "util": {
      "version": "http://maven.forgerock.org/repo/api/npm/npm-virtual/util/-/util-0.10.3.tgz",
      "integrity": "sha1-evsa/lCAUkZInj23/g7TeTNqwPk=",
      "requires": {
        "inherits": "http://repo.forgerock.net:4873/inherits/-/inherits-2.0.1.tgz"
      }
    },
    "util-deprecate": {
      "version": "http://maven.forgerock.org/repo/api/npm/npm-virtual/util-deprecate/-/util-deprecate-1.0.2.tgz",
      "integrity": "sha1-RQ1Nyfpw3nMnYvvS1KKJgUGaDM8="
    },
    "vargs": {
      "version": "http://repo.forgerock.net:4873/vargs/-/vargs-0.1.0.tgz",
      "integrity": "sha1-a2GE2mUgzDIEzhtAfKwm2SYJ6/8="
    },
    "verror": {
      "version": "http://maven.forgerock.org/repo/api/npm/npm-virtual/verror/-/verror-1.3.6.tgz",
      "integrity": "sha1-z/XfEpRtKX0rqu+qJoniW+AcAFw=",
      "requires": {
        "extsprintf": "http://maven.forgerock.org/repo/api/npm/npm-virtual/extsprintf/-/extsprintf-1.0.2.tgz"
      }
    },
    "wrappy": {
      "version": "1.0.2",
      "resolved": "https://registry.npmjs.org/wrappy/-/wrappy-1.0.2.tgz",
      "integrity": "sha1-tSQ9jz7BqjXxNkYFvA0QNuMKtp8=",
      "dev": true
    },
    "xtend": {
      "version": "http://maven.forgerock.org/repo/api/npm/npm-virtual/xtend/-/xtend-4.0.1.tgz",
      "integrity": "sha1-pcbVMr5lbiPbgg77lDofBJmNY68="
    }
  }
}
